
Microsoft Visual Studio Solution File, Format Version 12.00
# Visual Studio Version 16
VisualStudioVersion = 16.0.32630.194
MinimumVisualStudioVersion = 10.0.40219.1
Project("{FAE04EC0-301F-11D3-BF4B-00C04F79EFBC}") = "ForzaModelTool", "ForzaModelTool\ForzaModelTool.csproj", "{D92CEEC1-EC7B-4A1E-B15C-8E97985E14C3}"
EndProject
Global
	GlobalSection(SolutionConfigurationPlatforms) = preSolution
		Debug|Any CPU = Debug|Any CPU
		Release|Any CPU = Release|Any CPU
	EndGlobalSection
	GlobalSection(ProjectConfigurationPlatforms) = postSolution
		{D92CEEC1-EC7B-4A1E-B15C-8E97985E14C3}.Debug|Any CPU.ActiveCfg = Debug|Any CPU
		{D92CEEC1-EC7B-4A1E-B15C-8E97985E14C3}.Debug|Any CPU.Build.0 = Debug|Any CPU
		{D92CEEC1-EC7B-4A1E-B15C-8E97985E14C3}.Release|Any CPU.ActiveCfg = Release|Any CPU
		{D92CEEC1-EC7B-4A1E-B15C-8E97985E14C3}.Release|Any CPU.Build.0 = Release|Any CPU
	EndGlobalSection
	GlobalSection(SolutionProperties) = preSolution
		HideSolutionNode = FALSE
	EndGlobalSection
	GlobalSection(ExtensibilityGlobals) = postSolution
		SolutionGuid = {A0CA6177-4981-4DCC-A848-A052D6B59B8F}
	EndGlobalSection
EndGlobal
